
Microsoft Visual Studio Solution File, Format Version 12.00
# Visual Studio Version 17
VisualStudioVersion = 17.14.36518.9
MinimumVisualStudioVersion = 10.0.40219.1
Project("{FAE04EC0-301F-11D3-BF4B-00C04F79EFBC}") = "CamelRegistry", "CamelRegistry\CamelRegistry.csproj", "{76DA3625-0B39-486A-A877-A938A3785C66}"
EndProject
Project("{FAE04EC0-301F-11D3-BF4B-00C04F79EFBC}") = "CamelRegistry.Tests", "CamelRegistry.Tests\CamelRegistry.Tests.csproj", "{27D827FA-7BEC-4A93-9ED8-21FA86683F46}"
EndProject
Global
	GlobalSection(SolutionConfigurationPlatforms) = preSolution
		Debug|Any CPU = Debug|Any CPU
		Debug|x64 = Debug|x64
		Debug|x86 = Debug|x86
		Release|Any CPU = Release|Any CPU
		Release|x64 = Release|x64
		Release|x86 = Release|x86
	EndGlobalSection
	GlobalSection(ProjectConfigurationPlatforms) = postSolution
		{76DA3625-0B39-486A-A877-A938A3785C66}.Debug|Any CPU.ActiveCfg = Debug|Any CPU
		{76DA3625-0B39-486A-A877-A938A3785C66}.Debug|Any CPU.Build.0 = Debug|Any CPU
		{76DA3625-0B39-486A-A877-A938A3785C66}.Debug|x64.ActiveCfg = Debug|Any CPU
		{76DA3625-0B39-486A-A877-A938A3785C66}.Debug|x64.Build.0 = Debug|Any CPU
		{76DA3625-0B39-486A-A877-A938A3785C66}.Debug|x86.ActiveCfg = Debug|Any CPU
		{76DA3625-0B39-486A-A877-A938A3785C66}.Debug|x86.Build.0 = Debug|Any CPU
		{76DA3625-0B39-486A-A877-A938A3785C66}.Release|Any CPU.ActiveCfg = Release|Any CPU
		{76DA3625-0B39-486A-A877-A938A3785C66}.Release|Any CPU.Build.0 = Release|Any CPU
		{76DA3625-0B39-486A-A877-A938A3785C66}.Release|x64.ActiveCfg = Release|Any CPU
		{76DA3625-0B39-486A-A877-A938A3785C66}.Release|x64.Build.0 = Release|Any CPU
		{76DA3625-0B39-486A-A877-A938A3785C66}.Release|x86.ActiveCfg = Release|Any CPU
		{76DA3625-0B39-486A-A877-A938A3785C66}.Release|x86.Build.0 = Release|Any CPU
		{27D827FA-7BEC-4A93-9ED8-21FA86683F46}.Debug|Any CPU.ActiveCfg = Debug|Any CPU
		{27D827FA-7BEC-4A93-9ED8-21FA86683F46}.Debug|Any CPU.Build.0 = Debug|Any CPU
		{27D827FA-7BEC-4A93-9ED8-21FA86683F46}.Debug|x64.ActiveCfg = Debug|Any CPU
		{27D827FA-7BEC-4A93-9ED8-21FA86683F46}.Debug|x64.Build.0 = Debug|Any CPU
		{27D827FA-7BEC-4A93-9ED8-21FA86683F46}.Debug|x86.ActiveCfg = Debug|Any CPU
		{27D827FA-7BEC-4A93-9ED8-21FA86683F46}.Debug|x86.Build.0 = Debug|Any CPU
		{27D827FA-7BEC-4A93-9ED8-21FA86683F46}.Release|Any CPU.ActiveCfg = Release|Any CPU
		{27D827FA-7BEC-4A93-9ED8-21FA86683F46}.Release|Any CPU.Build.0 = Release|Any CPU
		{27D827FA-7BEC-4A93-9ED8-21FA86683F46}.Release|x64.ActiveCfg = Release|Any CPU
		{27D827FA-7BEC-4A93-9ED8-21FA86683F46}.Release|x64.Build.0 = Release|Any CPU
		{27D827FA-7BEC-4A93-9ED8-21FA86683F46}.Release|x86.ActiveCfg = Release|Any CPU
		{27D827FA-7BEC-4A93-9ED8-21FA86683F46}.Release|x86.Build.0 = Release|Any CPU
	EndGlobalSection
	GlobalSection(SolutionProperties) = preSolution
		HideSolutionNode = FALSE
	EndGlobalSection
	GlobalSection(ExtensibilityGlobals) = postSolution
		SolutionGuid = {E424630A-EFE0-44C0-BA11-300D6E2E7E9C}
	EndGlobalSection
EndGlobal
